
Microsoft Visual Studio Solution File, Format Version 12.00
# Visual Studio 15
VisualStudioVersion = 15.0.28307.168
MinimumVisualStudioVersion = 10.0.40219.1
Project("{FAE04EC0-301F-11D3-BF4B-00C04F79EFBC}") = "ReportReconciliator", "ReportReconciliator\ReportReconciliator.csproj", "{51583380-20E7-4E3A-B15C-E576CC5E53CF}"
EndProject
Global
	GlobalSection(SolutionConfigurationPlatforms) = preSolution
		Debug|Any CPU = Debug|Any CPU
		Release|Any CPU = Release|Any CPU
	EndGlobalSection
	GlobalSection(ProjectConfigurationPlatforms) = postSolution
		{51583380-20E7-4E3A-B15C-E576CC5E53CF}.Debug|Any CPU.ActiveCfg = Debug|Any CPU
		{51583380-20E7-4E3A-B15C-E576CC5E53CF}.Debug|Any CPU.Build.0 = Debug|Any CPU
		{51583380-20E7-4E3A-B15C-E576CC5E53CF}.Release|Any CPU.ActiveCfg = Release|Any CPU
		{51583380-20E7-4E3A-B15C-E576CC5E53CF}.Release|Any CPU.Build.0 = Release|Any CPU
	EndGlobalSection
	GlobalSection(SolutionProperties) = preSolution
		HideSolutionNode = FALSE
	EndGlobalSection
	GlobalSection(ExtensibilityGlobals) = postSolution
		SolutionGuid = {E65400B2-3405-46F7-88D3-F4DDB66CF586}
	EndGlobalSection
EndGlobal
